// !$*UTF8*$!
{
	archiveVersion = 1;
	classes = {
	};
	objectVersion = 50;
	objects = {

/* Begin PBXBuildFile section */
		875D994F25A51B3100D75686 /* AppDelegate.swift in Sources */ = {isa = PBXBuildFile; fileRef = 875D994E25A51B3100D75686 /* AppDelegate.swift */; };
		875D995125A51B3100D75686 /* SceneDelegate.swift in Sources */ = {isa = PBXBuildFile; fileRef = 875D995025A51B3100D75686 /* SceneDelegate.swift */; };
		875D995325A51B3100D75686 /* ViewController.swift in Sources */ = {isa = PBXBuildFile; fileRef = 875D995225A51B3100D75686 /* ViewController.swift */; };
		875D995625A51B3100D75686 /* Main.storyboard in Resources */ = {isa = PBXBuildFile; fileRef = 875D995425A51B3100D75686 /* Main.storyboard */; };
		875D995825A51B4200D75686 /* Assets.xcassets in Resources */ = {isa = PBXBuildFile; fileRef = 875D995725A51B4200D75686 /* Assets.xcassets */; };
		875D995B25A51B4200D75686 /* LaunchScreen.storyboard in Resources */ = {isa = PBXBuildFile; fileRef = 875D995925A51B4200D75686 /* LaunchScreen.storyboard */; };
		875D996E25A52BD500D75686 /* AnagramCheckerVC.swift in Sources */ = {isa = PBXBuildFile; fileRef = 875D996D25A52BD500D75686 /* AnagramCheckerVC.swift */; };
		875D997325A52EBF00D75686 /* AnagramChecker.swift in Sources */ = {isa = PBXBuildFile; fileRef = 875D997225A52EBF00D75686 /* AnagramChecker.swift */; };
/* End PBXBuildFile section */

/* Begin PBXFileReference section */
		875D994B25A51B3100D75686 /* SWENSONChallenge.app */ = {isa = PBXFileReference; explicitFileType = wrapper.application; includeInIndex = 0; path = SWENSONChallenge.app; sourceTree = BUILT_PRODUCTS_DIR; };
		875D994E25A51B3100D75686 /* AppDelegate.swift */ = {isa = PBXFileReference; lastKnownFileType = sourcecode.swift; path = AppDelegate.swift; sourceTree = "<group>"; };
		875D995025A51B3100D75686 /* SceneDelegate.swift */ = {isa = PBXFileReference; lastKnownFileType = sourcecode.swift; path = SceneDelegate.swift; sourceTree = "<group>"; };
		875D995225A51B3100D75686 /* ViewController.swift */ = {isa = PBXFileReference; lastKnownFileType = sourcecode.swift; path = ViewController.swift; sourceTree = "<group>"; };
		875D995525A51B3100D75686 /* Base */ = {isa = PBXFileReference; lastKnownFileType = file.storyboard; name = Base; path = Base.lproj/Main.storyboard; sourceTree = "<group>"; };
		875D995725A51B4200D75686 /* Assets.xcassets */ = {isa = PBXFileReference; lastKnownFileType = folder.assetcatalog; path = Assets.xcassets; sourceTree = "<group>"; };
		875D995A25A51B4200D75686 /* Base */ = {isa = PBXFileReference; lastKnownFileType = file.storyboard; name = Base; path = Base.lproj/LaunchScreen.storyboard; sourceTree = "<group>"; };
		875D995C25A51B4200D75686 /* Info.plist */ = {isa = PBXFileReference; lastKnownFileType = text.plist.xml; path = Info.plist; sourceTree = "<group>"; };
		875D996D25A52BD500D75686 /* AnagramCheckerVC.swift */ = {isa = PBXFileReference; lastKnownFileType = sourcecode.swift; path = AnagramCheckerVC.swift; sourceTree = "<group>"; };
		875D997225A52EBF00D75686 /* AnagramChecker.swift */ = {isa = PBXFileReference; lastKnownFileType = sourcecode.swift; path = AnagramChecker.swift; sourceTree = "<group>"; };
/* End PBXFileReference section */

/* Begin PBXFrameworksBuildPhase section */
		875D994825A51B3100D75686 /* Frameworks */ = {
			isa = PBXFrameworksBuildPhase;
			buildActionMask = 2147483647;
			files = (
			);
			runOnlyForDeploymentPostprocessing = 0;
		};
/* End PBXFrameworksBuildPhase section */

/* Begin PBXGroup section */
		875D994225A51B3100D75686 = {
			isa = PBXGroup;
			children = (
				875D994D25A51B3100D75686 /* SWENSONChallenge */,
				875D994C25A51B3100D75686 /* Products */,
			);
			sourceTree = "<group>";
		};
		875D994C25A51B3100D75686 /* Products */ = {
			isa = PBXGroup;
			children = (
				875D994B25A51B3100D75686 /* SWENSONChallenge.app */,
			);
			name = Products;
			sourceTree = "<group>";
		};
		875D994D25A51B3100D75686 /* SWENSONChallenge */ = {
			isa = PBXGroup;
			children = (
				875D997125A52D2200D75686 /* Helpers */,
				875D996B25A529BE00D75686 /* Models */,
				875D996525A528D200D75686 /* Delegates */,
				875D996725A528DC00D75686 /* ViewControllers */,
				875D996325A528C000D75686 /* Storyboards */,
				875D996825A528E900D75686 /* SupportingFiles */,
			);
			path = SWENSONChallenge;
			sourceTree = "<group>";
		};
		875D996325A528C000D75686 /* Storyboards */ = {
			isa = PBXGroup;
			children = (
				875D995425A51B3100D75686 /* Main.storyboard */,
				875D995925A51B4200D75686 /* LaunchScreen.storyboard */,
			);
			path = Storyboards;
			sourceTree = "<group>";
		};
		875D996525A528D200D75686 /* Delegates */ = {
			isa = PBXGroup;
			children = (
				875D994E25A51B3100D75686 /* AppDelegate.swift */,
				875D995025A51B3100D75686 /* SceneDelegate.swift */,
			);
			path = Delegates;
			sourceTree = "<group>";
		};
		875D996725A528DC00D75686 /* ViewControllers */ = {
			isa = PBXGroup;
			children = (
				875D996C25A52B8800D75686 /* Anagram Checker */,
				875D996925A529A500D75686 /* MainScreen */,
			);
			path = ViewControllers;
			sourceTree = "<group>";
		};
		875D996825A528E900D75686 /* SupportingFiles */ = {
			isa = PBXGroup;
			children = (
				875D995725A51B4200D75686 /* Assets.xcassets */,
				875D995C25A51B4200D75686 /* Info.plist */,
			);
			path = SupportingFiles;
			sourceTree = "<group>";
		};
		875D996925A529A500D75686 /* MainScreen */ = {
			isa = PBXGroup;
			children = (
				875D995225A51B3100D75686 /* ViewController.swift */,
			);
			path = MainScreen;
			sourceTree = "<group>";
		};
		875D996B25A529BE00D75686 /* Models */ = {
			isa = PBXGroup;
			children = (
			);
			path = Models;
			sourceTree = "<group>";
		};
		875D996C25A52B8800D75686 /* Anagram Checker */ = {
			isa = PBXGroup;
			children = (
				875D996D25A52BD500D75686 /* AnagramCheckerVC.swift */,
			);
			path = "Anagram Checker";
			sourceTree = "<group>";
		};
		875D997125A52D2200D75686 /* Helpers */ = {
			isa = PBXGroup;
			children = (
				875D997225A52EBF00D75686 /* AnagramChecker.swift */,
			);
			path = Helpers;
			sourceTree = "<group>";
		};
/* End PBXGroup section */

/* Begin PBXNativeTarget section */
		875D994A25A51B3100D75686 /* SWENSONChallenge */ = {
			isa = PBXNativeTarget;
			buildConfigurationList = 875D995F25A51B4200D75686 /* Build configuration list for PBXNativeTarget "SWENSONChallenge" */;
			buildPhases = (
				875D994725A51B3100D75686 /* Sources */,
				875D994825A51B3100D75686 /* Frameworks */,
				875D994925A51B3100D75686 /* Resources */,
			);
			buildRules = (
			);
			dependencies = (
			);
			name = SWENSONChallenge;
			productName = SWENSONChallenge;
			productReference = 875D994B25A51B3100D75686 /* SWENSONChallenge.app */;
			productType = "com.apple.product-type.application";
		};
/* End PBXNativeTarget section */

/* Begin PBXProject section */
		875D994325A51B3100D75686 /* Project object */ = {
			isa = PBXProject;
			attributes = {
				LastSwiftUpdateCheck = 1200;
				LastUpgradeCheck = 1200;
				TargetAttributes = {
					875D994A25A51B3100D75686 = {
						CreatedOnToolsVersion = 12.0;
					};
				};
			};
			buildConfigurationList = 875D994625A51B3100D75686 /* Build configuration list for PBXProject "SWENSONChallenge" */;
			compatibilityVersion = "Xcode 9.3";
			developmentRegion = en;
			hasScannedForEncodings = 0;
			knownRegions = (
				en,
				Base,
			);
			mainGroup = 875D994225A51B3100D75686;
			productRefGroup = 875D994C25A51B3100D75686 /* Products */;
			projectDirPath = "";
			projectRoot = "";
			targets = (
				875D994A25A51B3100D75686 /* SWENSONChallenge */,
			);
		};
/* End PBXProject section */

/* Begin PBXResourcesBuildPhase section */
		875D994925A51B3100D75686 /* Resources */ = {
			isa = PBXResourcesBuildPhase;
			buildActionMask = 2147483647;
			files = (
				875D995B25A51B4200D75686 /* LaunchScreen.storyboard in Resources */,
				875D995825A51B4200D75686 /* Assets.xcassets in Resources */,
				875D995625A51B3100D75686 /* Main.storyboard in Resources */,
			);
			runOnlyForDeploymentPostprocessing = 0;
		};
/* End PBXResourcesBuildPhase section */

/* Begin PBXSourcesBuildPhase section */
		875D994725A51B3100D75686 /* Sources */ = {
			isa = PBXSourcesBuildPhase;
			buildActionMask = 2147483647;
			files = (
				875D995325A51B3100D75686 /* ViewController.swift in Sources */,
				875D994F25A51B3100D75686 /* AppDelegate.swift in Sources */,
				875D996E25A52BD500D75686 /* AnagramCheckerVC.swift in Sources */,
				875D997325A52EBF00D75686 /* AnagramChecker.swift in Sources */,
				875D995125A51B3100D75686 /* SceneDelegate.swift in Sources */,
			);
			runOnlyForDeploymentPostprocessing = 0;
		};
/* End PBXSourcesBuildPhase section */

/* Begin PBXVariantGroup section */
		875D995425A51B3100D75686 /* Main.storyboard */ = {
			isa = PBXVariantGroup;
			children = (
				875D995525A51B3100D75686 /* Base */,
			);
			name = Main.storyboard;
			sourceTree = "<group>";
		};
		875D995925A51B4200D75686 /* LaunchScreen.storyboard */ = {
			isa = PBXVariantGroup;
			children = (
				875D995A25A51B4200D75686 /* Base */,
			);
			name = LaunchScreen.storyboard;
			sourceTree = "<group>";
		};
/* End PBXVariantGroup section */

/* Begin XCBuildConfiguration section */
		875D995D25A51B4200D75686 /* Debug */ = {
			isa = XCBuildConfiguration;
			buildSettings = {
				ALWAYS_SEARCH_USER_PATHS = NO;
				CLANG_ANALYZER_NONNULL = YES;
				CLANG_ANALYZER_NUMBER_OBJECT_CONVERSION = YES_AGGRESSIVE;
				CLANG_CXX_LANGUAGE_STANDARD = "gnu++14";
				CLANG_CXX_LIBRARY = "libc++";
				CLANG_ENABLE_MODULES = YES;
				CLANG_ENABLE_OBJC_ARC = YES;
				CLANG_ENABLE_OBJC_WEAK = YES;
				CLANG_WARN_BLOCK_CAPTURE_AUTORELEASING = YES;
				CLANG_WARN_BOOL_CONVERSION = YES;
				CLANG_WARN_COMMA = YES;
				CLANG_WARN_CONSTANT_CONVERSION = YES;
				CLANG_WARN_DEPRECATED_OBJC_IMPLEMENTATIONS = YES;
				CLANG_WARN_DIRECT_OBJC_ISA_USAGE = YES_ERROR;
				CLANG_WARN_DOCUMENTATION_COMMENTS = YES;
				CLANG_WARN_EMPTY_BODY = YES;
				CLANG_WARN_ENUM_CONVERSION = YES;
				CLANG_WARN_INFINITE_RECURSION = YES;
				CLANG_WARN_INT_CONVERSION = YES;
				CLANG_WARN_NON_LITERAL_NULL_CONVERSION = YES;
				CLANG_WARN_OBJC_IMPLICIT_RETAIN_SELF = YES;
				CLANG_WARN_OBJC_LITERAL_CONVERSION = YES;
				CLANG_WARN_OBJC_ROOT_CLASS = YES_ERROR;
				CLANG_WARN_QUOTED_INCLUDE_IN_FRAMEWORK_HEADER = YES;
				CLANG_WARN_RANGE_LOOP_ANALYSIS = YES;
				CLANG_WARN_STRICT_PROTOTYPES = YES;
				CLANG_WARN_SUSPICIOUS_MOVE = YES;
				CLANG_WARN_UNGUARDED_AVAILABILITY = YES_AGGRESSIVE;
				CLANG_WARN_UNREACHABLE_CODE = YES;
				CLANG_WARN__DUPLICATE_METHOD_MATCH = YES;
				COPY_PHASE_STRIP = NO;
				DEBUG_INFORMATION_FORMAT = dwarf;
				ENABLE_STRICT_OBJC_MSGSEND = YES;
				ENABLE_TESTABILITY = YES;
				GCC_C_LANGUAGE_STANDARD = gnu11;
				GCC_DYNAMIC_NO_PIC = NO;
				GCC_NO_COMMON_BLOCKS = YES;
				GCC_OPTIMIZATION_LEVEL = 0;
				GCC_PREPROCESSOR_DEFINITIONS = (
					"DEBUG=1",
					"$(inherited)",
				);
				GCC_WARN_64_TO_32_BIT_CONVERSION = YES;
				GCC_WARN_ABOUT_RETURN_TYPE = YES_ERROR;
				GCC_WARN_UNDECLARED_SELECTOR = YES;
				GCC_WARN_UNINITIALIZED_AUTOS = YES_AGGRESSIVE;
				GCC_WARN_UNUSED_FUNCTION = YES;
				GCC_WARN_UNUSED_VARIABLE = YES;
				IPHONEOS_DEPLOYMENT_TARGET = 14.0;
				MTL_ENABLE_DEBUG_INFO = INCLUDE_SOURCE;
				MTL_FAST_MATH = YES;
				ONLY_ACTIVE_ARCH = YES;
				SDKROOT = iphoneos;
				SWIFT_ACTIVE_COMPILATION_CONDITIONS = DEBUG;
				SWIFT_OPTIMIZATION_LEVEL = "-Onone";
			};
			name = Debug;
		};
		875D995E25A51B4200D75686 /* Release */ = {
			isa = XCBuildConfiguration;
			buildSettings = {
				ALWAYS_SEARCH_USER_PATHS = NO;
				CLANG_ANALYZER_NONNULL = YES;
				CLANG_ANALYZER_NUMBER_OBJECT_CONVERSION = YES_AGGRESSIVE;
				CLANG_CXX_LANGUAGE_STANDARD = "gnu++14";
				CLANG_CXX_LIBRARY = "libc++";
				CLANG_ENABLE_MODULES = YES;
				CLANG_ENABLE_OBJC_ARC = YES;
				CLANG_ENABLE_OBJC_WEAK = YES;
				CLANG_WARN_BLOCK_CAPTURE_AUTORELEASING = YES;
				CLANG_WARN_BOOL_CONVERSION = YES;
				CLANG_WARN_COMMA = YES;
				CLANG_WARN_CONSTANT_CONVERSION = YES;
				CLANG_WARN_DEPRECATED_OBJC_IMPLEMENTATIONS = YES;
				CLANG_WARN_DIRECT_OBJC_ISA_USAGE = YES_ERROR;
				CLANG_WARN_DOCUMENTATION_COMMENTS = YES;
				CLANG_WARN_EMPTY_BODY = YES;
				CLANG_WARN_ENUM_CONVERSION = YES;
				CLANG_WARN_INFINITE_RECURSION = YES;
				CLANG_WARN_INT_CONVERSION = YES;
				CLANG_WARN_NON_LITERAL_NULL_CONVERSION = YES;
				CLANG_WARN_OBJC_IMPLICIT_RETAIN_SELF = YES;
				CLANG_WARN_OBJC_LITERAL_CONVERSION = YES;
				CLANG_WARN_OBJC_ROOT_CLASS = YES_ERROR;
				CLANG_WARN_QUOTED_INCLUDE_IN_FRAMEWORK_HEADER = YES;
				CLANG_WARN_RANGE_LOOP_ANALYSIS = YES;
				CLANG_WARN_STRICT_PROTOTYPES = YES;
				CLANG_WARN_SUSPICIOUS_MOVE = YES;
				CLANG_WARN_UNGUARDED_AVAILABILITY = YES_AGGRESSIVE;
				CLANG_WARN_UNREACHABLE_CODE = YES;
				CLANG_WARN__DUPLICATE_METHOD_MATCH = YES;
				COPY_PHASE_STRIP = NO;
				DEBUG_INFORMATION_FORMAT = "dwarf-with-dsym";
				ENABLE_NS_ASSERTIONS = NO;
				ENABLE_STRICT_OBJC_MSGSEND = YES;
				GCC_C_LANGUAGE_STANDARD = gnu11;
				GCC_NO_COMMON_BLOCKS = YES;
				GCC_WARN_64_TO_32_BIT_CONVERSION = YES;
				GCC_WARN_ABOUT_RETURN_TYPE = YES_ERROR;
				GCC_WARN_UNDECLARED_SELECTOR = YES;
				GCC_WARN_UNINITIALIZED_AUTOS = YES_AGGRESSIVE;
				GCC_WARN_UNUSED_FUNCTION = YES;
				GCC_WARN_UNUSED_VARIABLE = YES;
				IPHONEOS_DEPLOYMENT_TARGET = 14.0;
				MTL_ENABLE_DEBUG_INFO = NO;
				MTL_FAST_MATH = YES;
				SDKROOT = iphoneos;
				SWIFT_COMPILATION_MODE = wholemodule;
				SWIFT_OPTIMIZATION_LEVEL = "-O";
				VALIDATE_PRODUCT = YES;
			};
			name = Release;
		};
		875D996025A51B4200D75686 /* Debug */ = {
			isa = XCBuildConfiguration;
			buildSettings = {
				ASSETCATALOG_COMPILER_APPICON_NAME = AppIcon;
				ASSETCATALOG_COMPILER_GLOBAL_ACCENT_COLOR_NAME = AccentColor;
				CODE_SIGN_STYLE = Automatic;
				INFOPLIST_FILE = SWENSONChallenge/SupportingFiles/Info.plist;
				LD_RUNPATH_SEARCH_PATHS = (
					"$(inherited)",
					"@executable_path/Frameworks",
				);
				PRODUCT_BUNDLE_IDENTIFIER = NarimanKhaled.SWENSONChallenge;
				PRODUCT_NAME = "$(TARGET_NAME)";
				SWIFT_VERSION = 5.0;
				TARGETED_DEVICE_FAMILY = "1,2";
			};
			name = Debug;
		};
		875D996125A51B4200D75686 /* Release */ = {
			isa = XCBuildConfiguration;
			buildSettings = {
				ASSETCATALOG_COMPILER_APPICON_NAME = AppIcon;
				ASSETCATALOG_COMPILER_GLOBAL_ACCENT_COLOR_NAME = AccentColor;
				CODE_SIGN_STYLE = Automatic;
				INFOPLIST_FILE = SWENSONChallenge/SupportingFiles/Info.plist;
				LD_RUNPATH_SEARCH_PATHS = (
					"$(inherited)",
					"@executable_path/Frameworks",
				);
				PRODUCT_BUNDLE_IDENTIFIER = NarimanKhaled.SWENSONChallenge;
				PRODUCT_NAME = "$(TARGET_NAME)";
				SWIFT_VERSION = 5.0;
				TARGETED_DEVICE_FAMILY = "1,2";
			};
			name = Release;
		};
/* End XCBuildConfiguration section */

/* Begin XCConfigurationList section */
		875D994625A51B3100D75686 /* Build configuration list for PBXProject "SWENSONChallenge" */ = {
			isa = XCConfigurationList;
			buildConfigurations = (
				875D995D25A51B4200D75686 /* Debug */,
				875D995E25A51B4200D75686 /* Release */,
			);
			defaultConfigurationIsVisible = 0;
			defaultConfigurationName = Release;
		};
		875D995F25A51B4200D75686 /* Build configuration list for PBXNativeTarget "SWENSONChallenge" */ = {
			isa = XCConfigurationList;
			buildConfigurations = (
				875D996025A51B4200D75686 /* Debug */,
				875D996125A51B4200D75686 /* Release */,
			);
			defaultConfigurationIsVisible = 0;
			defaultConfigurationName = Release;
		};
/* End XCConfigurationList section */
	};
	rootObject = 875D994325A51B3100D75686 /* Project object */;
}
